
Microsoft Visual Studio Solution File, Format Version 12.00
# Visual Studio Version 17
VisualStudioVersion = 17.5.33530.505
MinimumVisualStudioVersion = 10.0.40219.1
Project("{FAE04EC0-301F-11D3-BF4B-00C04F79EFBC}") = "cpf", "cpf\cpf.csproj", "{DE6F7D81-DF9F-491B-AD0D-910F498C4801}"
EndProject
Global
	GlobalSection(SolutionConfigurationPlatforms) = preSolution
		Debug|Any CPU = Debug|Any CPU
		Release|Any CPU = Release|Any CPU
	EndGlobalSection
	GlobalSection(ProjectConfigurationPlatforms) = postSolution
		{DE6F7D81-DF9F-491B-AD0D-910F498C4801}.Debug|Any CPU.ActiveCfg = Debug|Any CPU
		{DE6F7D81-DF9F-491B-AD0D-910F498C4801}.Debug|Any CPU.Build.0 = Debug|Any CPU
		{DE6F7D81-DF9F-491B-AD0D-910F498C4801}.Release|Any CPU.ActiveCfg = Release|Any CPU
		{DE6F7D81-DF9F-491B-AD0D-910F498C4801}.Release|Any CPU.Build.0 = Release|Any CPU
	EndGlobalSection
	GlobalSection(SolutionProperties) = preSolution
		HideSolutionNode = FALSE
	EndGlobalSection
	GlobalSection(ExtensibilityGlobals) = postSolution
		SolutionGuid = {F9A401F7-777D-410E-BFD6-DBBA8241CAB4}
	EndGlobalSection
EndGlobal
