
Microsoft Visual Studio Solution File, Format Version 12.00
# Visual Studio Version 17
VisualStudioVersion = 17.5.33530.505
MinimumVisualStudioVersion = 10.0.40219.1
Project("{FAE04EC0-301F-11D3-BF4B-00C04F79EFBC}") = "validar cnpj", "validar cnpj\validar cnpj.csproj", "{6FF9FE99-41F3-4425-A27B-E96F9F9FC085}"
EndProject
Global
	GlobalSection(SolutionConfigurationPlatforms) = preSolution
		Debug|Any CPU = Debug|Any CPU
		Release|Any CPU = Release|Any CPU
	EndGlobalSection
	GlobalSection(ProjectConfigurationPlatforms) = postSolution
		{6FF9FE99-41F3-4425-A27B-E96F9F9FC085}.Debug|Any CPU.ActiveCfg = Debug|Any CPU
		{6FF9FE99-41F3-4425-A27B-E96F9F9FC085}.Debug|Any CPU.Build.0 = Debug|Any CPU
		{6FF9FE99-41F3-4425-A27B-E96F9F9FC085}.Release|Any CPU.ActiveCfg = Release|Any CPU
		{6FF9FE99-41F3-4425-A27B-E96F9F9FC085}.Release|Any CPU.Build.0 = Release|Any CPU
	EndGlobalSection
	GlobalSection(SolutionProperties) = preSolution
		HideSolutionNode = FALSE
	EndGlobalSection
	GlobalSection(ExtensibilityGlobals) = postSolution
		SolutionGuid = {05AE1636-E9D2-4C5B-9B13-C3E52437CB06}
	EndGlobalSection
EndGlobal
