
Microsoft Visual Studio Solution File, Format Version 12.00
# Visual Studio Version 17
VisualStudioVersion = 17.5.33530.505
MinimumVisualStudioVersion = 10.0.40219.1
Project("{FAE04EC0-301F-11D3-BF4B-00C04F79EFBC}") = "RegistroDosPedidos", "RegistroDosPedidos\RegistroDosPedidos.csproj", "{F7F9C3BA-862D-4409-886E-CCEB216D292C}"
EndProject
Global
	GlobalSection(SolutionConfigurationPlatforms) = preSolution
		Debug|Any CPU = Debug|Any CPU
		Release|Any CPU = Release|Any CPU
	EndGlobalSection
	GlobalSection(ProjectConfigurationPlatforms) = postSolution
		{F7F9C3BA-862D-4409-886E-CCEB216D292C}.Debug|Any CPU.ActiveCfg = Debug|Any CPU
		{F7F9C3BA-862D-4409-886E-CCEB216D292C}.Debug|Any CPU.Build.0 = Debug|Any CPU
		{F7F9C3BA-862D-4409-886E-CCEB216D292C}.Release|Any CPU.ActiveCfg = Release|Any CPU
		{F7F9C3BA-862D-4409-886E-CCEB216D292C}.Release|Any CPU.Build.0 = Release|Any CPU
	EndGlobalSection
	GlobalSection(SolutionProperties) = preSolution
		HideSolutionNode = FALSE
	EndGlobalSection
	GlobalSection(ExtensibilityGlobals) = postSolution
		SolutionGuid = {DAEFFF7F-C680-42A7-96F2-D15BACA08C80}
	EndGlobalSection
EndGlobal
