
Microsoft Visual Studio Solution File, Format Version 12.00
# Visual Studio Version 17
VisualStudioVersion = 17.5.33530.505
MinimumVisualStudioVersion = 10.0.40219.1
Project("{FAE04EC0-301F-11D3-BF4B-00C04F79EFBC}") = "Venda", "Venda\Venda.csproj", "{55DD84B3-A447-4BA0-A671-53A38EB3628F}"
EndProject
Global
	GlobalSection(SolutionConfigurationPlatforms) = preSolution
		Debug|Any CPU = Debug|Any CPU
		Release|Any CPU = Release|Any CPU
	EndGlobalSection
	GlobalSection(ProjectConfigurationPlatforms) = postSolution
		{55DD84B3-A447-4BA0-A671-53A38EB3628F}.Debug|Any CPU.ActiveCfg = Debug|Any CPU
		{55DD84B3-A447-4BA0-A671-53A38EB3628F}.Debug|Any CPU.Build.0 = Debug|Any CPU
		{55DD84B3-A447-4BA0-A671-53A38EB3628F}.Release|Any CPU.ActiveCfg = Release|Any CPU
		{55DD84B3-A447-4BA0-A671-53A38EB3628F}.Release|Any CPU.Build.0 = Release|Any CPU
	EndGlobalSection
	GlobalSection(SolutionProperties) = preSolution
		HideSolutionNode = FALSE
	EndGlobalSection
	GlobalSection(ExtensibilityGlobals) = postSolution
		SolutionGuid = {5F50EED9-116A-4BF5-A288-20F46889907C}
	EndGlobalSection
EndGlobal
